// !$*UTF8*$!
{
	archiveVersion = 1;
	classes = {
	};
	objectVersion = 46;
	objects = {

/* Begin PBXBuildFile section */
		F108830E1ADC3F4E00592C01 /* AppDelegate.swift in Sources */ = {isa = PBXBuildFile; fileRef = F108830D1ADC3F4E00592C01 /* AppDelegate.swift */; };
		F10883101ADC3F4E00592C01 /* ViewController.swift in Sources */ = {isa = PBXBuildFile; fileRef = F108830F1ADC3F4E00592C01 /* ViewController.swift */; };
		F10883131ADC3F4E00592C01 /* Main.storyboard in Resources */ = {isa = PBXBuildFile; fileRef = F10883111ADC3F4E00592C01 /* Main.storyboard */; };
		F10883151ADC3F4E00592C01 /* Images.xcassets in Resources */ = {isa = PBXBuildFile; fileRef = F10883141ADC3F4E00592C01 /* Images.xcassets */; };
		F10883181ADC3F4E00592C01 /* LaunchScreen.xib in Resources */ = {isa = PBXBuildFile; fileRef = F10883161ADC3F4E00592C01 /* LaunchScreen.xib */; };
		F10883241ADC3F4E00592C01 /* NavigationBarsTests.swift in Sources */ = {isa = PBXBuildFile; fileRef = F10883231ADC3F4E00592C01 /* NavigationBarsTests.swift */; };
/* End PBXBuildFile section */

/* Begin PBXContainerItemProxy section */
		F108831E1ADC3F4E00592C01 /* PBXContainerItemProxy */ = {
			isa = PBXContainerItemProxy;
			containerPortal = F10883001ADC3F4E00592C01 /* Project object */;
			proxyType = 1;
			remoteGlobalIDString = F10883071ADC3F4E00592C01;
			remoteInfo = NavigationBars;
		};
/* End PBXContainerItemProxy section */

/* Begin PBXFileReference section */
		F10883081ADC3F4E00592C01 /* NavigationBars.app */ = {isa = PBXFileReference; explicitFileType = wrapper.application; includeInIndex = 0; path = NavigationBars.app; sourceTree = BUILT_PRODUCTS_DIR; };
		F108830C1ADC3F4E00592C01 /* Info.plist */ = {isa = PBXFileReference; lastKnownFileType = text.plist.xml; path = Info.plist; sourceTree = "<group>"; };
		F108830D1ADC3F4E00592C01 /* AppDelegate.swift */ = {isa = PBXFileReference; lastKnownFileType = sourcecode.swift; path = AppDelegate.swift; sourceTree = "<group>"; };
		F108830F1ADC3F4E00592C01 /* ViewController.swift */ = {isa = PBXFileReference; lastKnownFileType = sourcecode.swift; path = ViewController.swift; sourceTree = "<group>"; };
		F10883121ADC3F4E00592C01 /* Base */ = {isa = PBXFileReference; lastKnownFileType = file.storyboard; name = Base; path = Base.lproj/Main.storyboard; sourceTree = "<group>"; };
		F10883141ADC3F4E00592C01 /* Images.xcassets */ = {isa = PBXFileReference; lastKnownFileType = folder.assetcatalog; path = Images.xcassets; sourceTree = "<group>"; };
		F10883171ADC3F4E00592C01 /* Base */ = {isa = PBXFileReference; lastKnownFileType = file.xib; name = Base; path = Base.lproj/LaunchScreen.xib; sourceTree = "<group>"; };
		F108831D1ADC3F4E00592C01 /* NavigationBarsTests.xctest */ = {isa = PBXFileReference; explicitFileType = wrapper.cfbundle; includeInIndex = 0; path = NavigationBarsTests.xctest; sourceTree = BUILT_PRODUCTS_DIR; };
		F10883221ADC3F4E00592C01 /* Info.plist */ = {isa = PBXFileReference; lastKnownFileType = text.plist.xml; path = Info.plist; sourceTree = "<group>"; };
		F10883231ADC3F4E00592C01 /* NavigationBarsTests.swift */ = {isa = PBXFileReference; lastKnownFileType = sourcecode.swift; path = NavigationBarsTests.swift; sourceTree = "<group>"; };
/* End PBXFileReference section */

/* Begin PBXFrameworksBuildPhase section */
		F10883051ADC3F4E00592C01 /* Frameworks */ = {
			isa = PBXFrameworksBuildPhase;
			buildActionMask = 2147483647;
			files = (
			);
			runOnlyForDeploymentPostprocessing = 0;
		};
		F108831A1ADC3F4E00592C01 /* Frameworks */ = {
			isa = PBXFrameworksBuildPhase;
			buildActionMask = 2147483647;
			files = (
			);
			runOnlyForDeploymentPostprocessing = 0;
		};
/* End PBXFrameworksBuildPhase section */

/* Begin PBXGroup section */
		F10882FF1ADC3F4E00592C01 = {
			isa = PBXGroup;
			children = (
				F108830A1ADC3F4E00592C01 /* NavigationBars */,
				F10883201ADC3F4E00592C01 /* NavigationBarsTests */,
				F10883091ADC3F4E00592C01 /* Products */,
			);
			sourceTree = "<group>";
		};
		F10883091ADC3F4E00592C01 /* Products */ = {
			isa = PBXGroup;
			children = (
				F10883081ADC3F4E00592C01 /* NavigationBars.app */,
				F108831D1ADC3F4E00592C01 /* NavigationBarsTests.xctest */,
			);
			name = Products;
			sourceTree = "<group>";
		};
		F108830A1ADC3F4E00592C01 /* NavigationBars */ = {
			isa = PBXGroup;
			children = (
				F108830D1ADC3F4E00592C01 /* AppDelegate.swift */,
				F108830F1ADC3F4E00592C01 /* ViewController.swift */,
				F10883111ADC3F4E00592C01 /* Main.storyboard */,
				F10883141ADC3F4E00592C01 /* Images.xcassets */,
				F10883161ADC3F4E00592C01 /* LaunchScreen.xib */,
				F108830B1ADC3F4E00592C01 /* Supporting Files */,
			);
			path = NavigationBars;
			sourceTree = "<group>";
		};
		F108830B1ADC3F4E00592C01 /* Supporting Files */ = {
			isa = PBXGroup;
			children = (
				F108830C1ADC3F4E00592C01 /* Info.plist */,
			);
			name = "Supporting Files";
			sourceTree = "<group>";
		};
		F10883201ADC3F4E00592C01 /* NavigationBarsTests */ = {
			isa = PBXGroup;
			children = (
				F10883231ADC3F4E00592C01 /* NavigationBarsTests.swift */,
				F10883211ADC3F4E00592C01 /* Supporting Files */,
			);
			path = NavigationBarsTests;
			sourceTree = "<group>";
		};
		F10883211ADC3F4E00592C01 /* Supporting Files */ = {
			isa = PBXGroup;
			children = (
				F10883221ADC3F4E00592C01 /* Info.plist */,
			);
			name = "Supporting Files";
			sourceTree = "<group>";
		};
/* End PBXGroup section */

/* Begin PBXNativeTarget section */
		F10883071ADC3F4E00592C01 /* NavigationBars */ = {
			isa = PBXNativeTarget;
			buildConfigurationList = F10883271ADC3F4E00592C01 /* Build configuration list for PBXNativeTarget "NavigationBars" */;
			buildPhases = (
				F10883041ADC3F4E00592C01 /* Sources */,
				F10883051ADC3F4E00592C01 /* Frameworks */,
				F10883061ADC3F4E00592C01 /* Resources */,
			);
			buildRules = (
			);
			dependencies = (
			);
			name = NavigationBars;
			productName = NavigationBars;
			productReference = F10883081ADC3F4E00592C01 /* NavigationBars.app */;
			productType = "com.apple.product-type.application";
		};
		F108831C1ADC3F4E00592C01 /* NavigationBarsTests */ = {
			isa = PBXNativeTarget;
			buildConfigurationList = F108832A1ADC3F4E00592C01 /* Build configuration list for PBXNativeTarget "NavigationBarsTests" */;
			buildPhases = (
				F10883191ADC3F4E00592C01 /* Sources */,
				F108831A1ADC3F4E00592C01 /* Frameworks */,
				F108831B1ADC3F4E00592C01 /* Resources */,
			);
			buildRules = (
			);
			dependencies = (
				F108831F1ADC3F4E00592C01 /* PBXTargetDependency */,
			);
			name = NavigationBarsTests;
			productName = NavigationBarsTests;
			productReference = F108831D1ADC3F4E00592C01 /* NavigationBarsTests.xctest */;
			productType = "com.apple.product-type.bundle.unit-test";
		};
/* End PBXNativeTarget section */

/* Begin PBXProject section */
		F10883001ADC3F4E00592C01 /* Project object */ = {
			isa = PBXProject;
			attributes = {
				LastUpgradeCheck = 0630;
				ORGANIZATIONNAME = "Adnan Aziz";
				TargetAttributes = {
					F10883071ADC3F4E00592C01 = {
						CreatedOnToolsVersion = 6.3;
					};
					F108831C1ADC3F4E00592C01 = {
						CreatedOnToolsVersion = 6.3;
						TestTargetID = F10883071ADC3F4E00592C01;
					};
				};
			};
			buildConfigurationList = F10883031ADC3F4E00592C01 /* Build configuration list for PBXProject "NavigationBars" */;
			compatibilityVersion = "Xcode 3.2";
			developmentRegion = English;
			hasScannedForEncodings = 0;
			knownRegions = (
				en,
				Base,
			);
			mainGroup = F10882FF1ADC3F4E00592C01;
			productRefGroup = F10883091ADC3F4E00592C01 /* Products */;
			projectDirPath = "";
			projectRoot = "";
			targets = (
				F10883071ADC3F4E00592C01 /* NavigationBars */,
				F108831C1ADC3F4E00592C01 /* NavigationBarsTests */,
			);
		};
/* End PBXProject section */

/* Begin PBXResourcesBuildPhase section */
		F10883061ADC3F4E00592C01 /* Resources */ = {
			isa = PBXResourcesBuildPhase;
			buildActionMask = 2147483647;
			files = (
				F10883131ADC3F4E00592C01 /* Main.storyboard in Resources */,
				F10883181ADC3F4E00592C01 /* LaunchScreen.xib in Resources */,
				F10883151ADC3F4E00592C01 /* Images.xcassets in Resources */,
			);
			runOnlyForDeploymentPostprocessing = 0;
		};
		F108831B1ADC3F4E00592C01 /* Resources */ = {
			isa = PBXResourcesBuildPhase;
			buildActionMask = 2147483647;
			files = (
			);
			runOnlyForDeploymentPostprocessing = 0;
		};
/* End PBXResourcesBuildPhase section */

/* Begin PBXSourcesBuildPhase section */
		F10883041ADC3F4E00592C01 /* Sources */ = {
			isa = PBXSourcesBuildPhase;
			buildActionMask = 2147483647;
			files = (
				F10883101ADC3F4E00592C01 /* ViewController.swift in Sources */,
				F108830E1ADC3F4E00592C01 /* AppDelegate.swift in Sources */,
			);
			runOnlyForDeploymentPostprocessing = 0;
		};
		F10883191ADC3F4E00592C01 /* Sources */ = {
			isa = PBXSourcesBuildPhase;
			buildActionMask = 2147483647;
			files = (
				F10883241ADC3F4E00592C01 /* NavigationBarsTests.swift in Sources */,
			);
			runOnlyForDeploymentPostprocessing = 0;
		};
/* End PBXSourcesBuildPhase section */

/* Begin PBXTargetDependency section */
		F108831F1ADC3F4E00592C01 /* PBXTargetDependency */ = {
			isa = PBXTargetDependency;
			target = F10883071ADC3F4E00592C01 /* NavigationBars */;
			targetProxy = F108831E1ADC3F4E00592C01 /* PBXContainerItemProxy */;
		};
/* End PBXTargetDependency section */

/* Begin PBXVariantGroup section */
		F10883111ADC3F4E00592C01 /* Main.storyboard */ = {
			isa = PBXVariantGroup;
			children = (
				F10883121ADC3F4E00592C01 /* Base */,
			);
			name = Main.storyboard;
			sourceTree = "<group>";
		};
		F10883161ADC3F4E00592C01 /* LaunchScreen.xib */ = {
			isa = PBXVariantGroup;
			children = (
				F10883171ADC3F4E00592C01 /* Base */,
			);
			name = LaunchScreen.xib;
			sourceTree = "<group>";
		};
/* End PBXVariantGroup section */

/* Begin XCBuildConfiguration section */
		F10883251ADC3F4E00592C01 /* Debug */ = {
			isa = XCBuildConfiguration;
			buildSettings = {
				ALWAYS_SEARCH_USER_PATHS = NO;
				CLANG_CXX_LANGUAGE_STANDARD = "gnu++0x";
				CLANG_CXX_LIBRARY = "libc++";
				CLANG_ENABLE_MODULES = YES;
				CLANG_ENABLE_OBJC_ARC = YES;
				CLANG_WARN_BOOL_CONVERSION = YES;
				CLANG_WARN_CONSTANT_CONVERSION = YES;
				CLANG_WARN_DIRECT_OBJC_ISA_USAGE = YES_ERROR;
				CLANG_WARN_EMPTY_BODY = YES;
				CLANG_WARN_ENUM_CONVERSION = YES;
				CLANG_WARN_INT_CONVERSION = YES;
				CLANG_WARN_OBJC_ROOT_CLASS = YES_ERROR;
				CLANG_WARN_UNREACHABLE_CODE = YES;
				CLANG_WARN__DUPLICATE_METHOD_MATCH = YES;
				"CODE_SIGN_IDENTITY[sdk=iphoneos*]" = "iPhone Developer";
				COPY_PHASE_STRIP = NO;
				DEBUG_INFORMATION_FORMAT = "dwarf-with-dsym";
				ENABLE_STRICT_OBJC_MSGSEND = YES;
				GCC_C_LANGUAGE_STANDARD = gnu99;
				GCC_DYNAMIC_NO_PIC = NO;
				GCC_NO_COMMON_BLOCKS = YES;
				GCC_OPTIMIZATION_LEVEL = 0;
				GCC_PREPROCESSOR_DEFINITIONS = (
					"DEBUG=1",
					"$(inherited)",
				);
				GCC_SYMBOLS_PRIVATE_EXTERN = NO;
				GCC_WARN_64_TO_32_BIT_CONVERSION = YES;
				GCC_WARN_ABOUT_RETURN_TYPE = YES_ERROR;
				GCC_WARN_UNDECLARED_SELECTOR = YES;
				GCC_WARN_UNINITIALIZED_AUTOS = YES_AGGRESSIVE;
				GCC_WARN_UNUSED_FUNCTION = YES;
				GCC_WARN_UNUSED_VARIABLE = YES;
				IPHONEOS_DEPLOYMENT_TARGET = 8.3;
				MTL_ENABLE_DEBUG_INFO = YES;
				ONLY_ACTIVE_ARCH = YES;
				SDKROOT = iphoneos;
				SWIFT_OPTIMIZATION_LEVEL = "-Onone";
			};
			name = Debug;
		};
		F10883261ADC3F4E00592C01 /* Release */ = {
			isa = XCBuildConfiguration;
			buildSettings = {
				ALWAYS_SEARCH_USER_PATHS = NO;
				CLANG_CXX_LANGUAGE_STANDARD = "gnu++0x";
				CLANG_CXX_LIBRARY = "libc++";
				CLANG_ENABLE_MODULES = YES;
				CLANG_ENABLE_OBJC_ARC = YES;
				CLANG_WARN_BOOL_CONVERSION = YES;
				CLANG_WARN_CONSTANT_CONVERSION = YES;
				CLANG_WARN_DIRECT_OBJC_ISA_USAGE = YES_ERROR;
				CLANG_WARN_EMPTY_BODY = YES;
				CLANG_WARN_ENUM_CONVERSION = YES;
				CLANG_WARN_INT_CONVERSION = YES;
				CLANG_WARN_OBJC_ROOT_CLASS = YES_ERROR;
				CLANG_WARN_UNREACHABLE_CODE = YES;
				CLANG_WARN__DUPLICATE_METHOD_MATCH = YES;
				"CODE_SIGN_IDENTITY[sdk=iphoneos*]" = "iPhone Developer";
				COPY_PHASE_STRIP = NO;
				DEBUG_INFORMATION_FORMAT = "dwarf-with-dsym";
				ENABLE_NS_ASSERTIONS = NO;
				ENABLE_STRICT_OBJC_MSGSEND = YES;
				GCC_C_LANGUAGE_STANDARD = gnu99;
				GCC_NO_COMMON_BLOCKS = YES;
				GCC_WARN_64_TO_32_BIT_CONVERSION = YES;
				GCC_WARN_ABOUT_RETURN_TYPE = YES_ERROR;
				GCC_WARN_UNDECLARED_SELECTOR = YES;
				GCC_WARN_UNINITIALIZED_AUTOS = YES_AGGRESSIVE;
				GCC_WARN_UNUSED_FUNCTION = YES;
				GCC_WARN_UNUSED_VARIABLE = YES;
				IPHONEOS_DEPLOYMENT_TARGET = 8.3;
				MTL_ENABLE_DEBUG_INFO = NO;
				SDKROOT = iphoneos;
				VALIDATE_PRODUCT = YES;
			};
			name = Release;
		};
		F10883281ADC3F4E00592C01 /* Debug */ = {
			isa = XCBuildConfiguration;
			buildSettings = {
				ASSETCATALOG_COMPILER_APPICON_NAME = AppIcon;
				INFOPLIST_FILE = NavigationBars/Info.plist;
				LD_RUNPATH_SEARCH_PATHS = "$(inherited) @executable_path/Frameworks";
				PRODUCT_NAME = "$(TARGET_NAME)";
			};
			name = Debug;
		};
		F10883291ADC3F4E00592C01 /* Release */ = {
			isa = XCBuildConfiguration;
			buildSettings = {
				ASSETCATALOG_COMPILER_APPICON_NAME = AppIcon;
				INFOPLIST_FILE = NavigationBars/Info.plist;
				LD_RUNPATH_SEARCH_PATHS = "$(inherited) @executable_path/Frameworks";
				PRODUCT_NAME = "$(TARGET_NAME)";
			};
			name = Release;
		};
		F108832B1ADC3F4E00592C01 /* Debug */ = {
			isa = XCBuildConfiguration;
			buildSettings = {
				BUNDLE_LOADER = "$(TEST_HOST)";
				FRAMEWORK_SEARCH_PATHS = (
					"$(SDKROOT)/Developer/Library/Frameworks",
					"$(inherited)",
				);
				GCC_PREPROCESSOR_DEFINITIONS = (
					"DEBUG=1",
					"$(inherited)",
				);
				INFOPLIST_FILE = NavigationBarsTests/Info.plist;
				LD_RUNPATH_SEARCH_PATHS = "$(inherited) @executable_path/Frameworks @loader_path/Frameworks";
				PRODUCT_NAME = "$(TARGET_NAME)";
				TEST_HOST = "$(BUILT_PRODUCTS_DIR)/NavigationBars.app/NavigationBars";
			};
			name = Debug;
		};
		F108832C1ADC3F4E00592C01 /* Release */ = {
			isa = XCBuildConfiguration;
			buildSettings = {
				BUNDLE_LOADER = "$(TEST_HOST)";
				FRAMEWORK_SEARCH_PATHS = (
					"$(SDKROOT)/Developer/Library/Frameworks",
					"$(inherited)",
				);
				INFOPLIST_FILE = NavigationBarsTests/Info.plist;
				LD_RUNPATH_SEARCH_PATHS = "$(inherited) @executable_path/Frameworks @loader_path/Frameworks";
				PRODUCT_NAME = "$(TARGET_NAME)";
				TEST_HOST = "$(BUILT_PRODUCTS_DIR)/NavigationBars.app/NavigationBars";
			};
			name = Release;
		};
/* End XCBuildConfiguration section */

/* Begin XCConfigurationList section */
		F10883031ADC3F4E00592C01 /* Build configuration list for PBXProject "NavigationBars" */ = {
			isa = XCConfigurationList;
			buildConfigurations = (
				F10883251ADC3F4E00592C01 /* Debug */,
				F10883261ADC3F4E00592C01 /* Release */,
			);
			defaultConfigurationIsVisible = 0;
			defaultConfigurationName = Release;
		};
		F10883271ADC3F4E00592C01 /* Build configuration list for PBXNativeTarget "NavigationBars" */ = {
			isa = XCConfigurationList;
			buildConfigurations = (
				F10883281ADC3F4E00592C01 /* Debug */,
				F10883291ADC3F4E00592C01 /* Release */,
			);
			defaultConfigurationIsVisible = 0;
		};
		F108832A1ADC3F4E00592C01 /* Build configuration list for PBXNativeTarget "NavigationBarsTests" */ = {
			isa = XCConfigurationList;
			buildConfigurations = (
				F108832B1ADC3F4E00592C01 /* Debug */,
				F108832C1ADC3F4E00592C01 /* Release */,
			);
			defaultConfigurationIsVisible = 0;
		};
/* End XCConfigurationList section */
	};
	rootObject = F10883001ADC3F4E00592C01 /* Project object */;
}
